# @generated by Move, please check-in and do not edit manually.

[move]
version = 3
manifest_digest = "05CD96A5C71E654D27A4A17FE97890107676D5F8D5A601EBE7D4BB0AD790ECC8"
deps_digest = "F8BBB0CCB2491CA29A3DF03D6F92277A4F3574266507ACD77214D37ECA3F3082"
dependencies = [
  { id = "Sui", name = "Sui" },
]

[[move.package]]
id = "MoveStdlib"
source = { git = "https://github.com/MystenLabs/sui.git", rev = "mainnet-v1.51.5", subdir = "crates/sui-framework/packages/move-stdlib" }

[[move.package]]
id = "Sui"
source = { git = "https://github.com/MystenLabs/sui.git", rev = "mainnet-v1.51.5", subdir = "crates/sui-framework/packages/sui-framework" }

dependencies = [
  { id = "MoveStdlib", name = "MoveStdlib" },
]

[move.toolchain-version]
compiler-version = "1.52.2"
edition = "2024.beta"
flavor = "sui"

[env]

[env.mainnet]
chain-id = "35834a8a"
original-published-id = "0x7ea359636b36e7c027c2cd71adedaf19be658e1477d9e71368a0b3824a0a27ff"
latest-published-id = "0x7ea359636b36e7c027c2cd71adedaf19be658e1477d9e71368a0b3824a0a27ff"
published-version = "1"
