# @generated by Move, please check-in and do not edit manually.

[move]
version = 3
manifest_digest = "BDF99E9A6B4B91B04049643D8D65FD83C24308A670221E4B3A57CD7F08B680D0"
deps_digest = "F8BBB0CCB2491CA29A3DF03D6F92277A4F3574266507ACD77214D37ECA3F3082"
dependencies = [
  { id = "Sui", name = "Sui" },
]

[[move.package]]
id = "MoveStdlib"
source = { git = "https://github.com/MystenLabs/sui.git", rev = "mainnet-v1.41.2", subdir = "crates/sui-framework/packages/move-stdlib" }

[[move.package]]
id = "Sui"
source = { git = "https://github.com/MystenLabs/sui.git", rev = "mainnet-v1.41.2", subdir = "crates/sui-framework/packages/sui-framework" }

dependencies = [
  { id = "MoveStdlib", name = "MoveStdlib" },
]

[move.toolchain-version]
compiler-version = "1.50.1"
edition = "2024.beta"
flavor = "sui"

[env]

[env.mainnet]
chain-id = "35834a8a"
original-published-id = "0x7ea359636b36e7c027c2cd71adedaf19be658e1477d9e71368a0b3824a0a27ff"
latest-published-id = "0x7ea359636b36e7c027c2cd71adedaf19be658e1477d9e71368a0b3824a0a27ff"
published-version = "1"
