# @generated by Move, please check-in and do not edit manually.

[move]
version = 3
manifest_digest = "7EE0FF84D9B0CAF76BE9FCEF899856275B71D4397DB3B9B1D922BBF1AEB2E1A9"
deps_digest = "F8BBB0CCB2491CA29A3DF03D6F92277A4F3574266507ACD77214D37ECA3F3082"
dependencies = [
  { id = "Sui", name = "Sui" },
]

[[move.package]]
id = "MoveStdlib"
source = { git = "https://github.com/MystenLabs/sui.git", rev = "mainnet-v1.55.0", subdir = "crates/sui-framework/packages/move-stdlib" }

[[move.package]]
id = "Sui"
source = { git = "https://github.com/MystenLabs/sui.git", rev = "mainnet-v1.55.0", subdir = "crates/sui-framework/packages/sui-framework" }

dependencies = [
  { id = "MoveStdlib", name = "MoveStdlib" },
]

[move.toolchain-version]
compiler-version = "1.57.3"
edition = "2024.beta"
flavor = "sui"

[env]

[env.mainnet]
chain-id = "35834a8a"
original-published-id = "0xdd7108db1a209d23d8a25dda78bdca4547b755094305971ed4064dfe5cdfa026"
latest-published-id = "0xdd7108db1a209d23d8a25dda78bdca4547b755094305971ed4064dfe5cdfa026"
published-version = "1"
