# @generated by Move, please check-in and do not edit manually.

[move]
version = 3
manifest_digest = "3ADE197BA94C7E8FD3C4BE02E2CF264D6E6EE755B9FB2B6F41B1F2AB74C0591D"
deps_digest = "E3B0C44298FC1C149AFBF4C8996FB92427AE41E4649B934CA495991B7852B855"

[move.toolchain-version]
compiler-version = "1.38.3"
edition = "2024"
flavor = "sui"
