# @generated by Move, please check-in and do not edit manually.

[move]
version = 3
manifest_digest = "DD3CF38CA0CBD57073BA68716C13395088E4BA49C6A21F6BC4A18BF5DD3DAD68"
deps_digest = "F8BBB0CCB2491CA29A3DF03D6F92277A4F3574266507ACD77214D37ECA3F3082"
dependencies = [
  { id = "Sui", name = "Sui" },
]

[[move.package]]
id = "MoveStdlib"
source = { git = "https://github.com/MystenLabs/sui.git", rev = "mainnet-v1.55.0", subdir = "crates/sui-framework/packages/move-stdlib" }

[[move.package]]
id = "Sui"
source = { git = "https://github.com/MystenLabs/sui.git", rev = "mainnet-v1.55.0", subdir = "crates/sui-framework/packages/sui-framework" }

dependencies = [
  { id = "MoveStdlib", name = "MoveStdlib" },
]

[move.toolchain-version]
compiler-version = "1.55.0"
edition = "2024.beta"
flavor = "sui"

[env]

[env.mainnet]
chain-id = "35834a8a"
original-published-id = "0x3e83d9c798902dbcde72b9ede9fa2997ea43b302f83e4894aa793e6791e95c9f"
latest-published-id = "0x3e83d9c798902dbcde72b9ede9fa2997ea43b302f83e4894aa793e6791e95c9f"
published-version = "1"
