# @generated by Move, please check-in and do not edit manually.

[move]
version = 2
manifest_digest = "DF7FC5CAA8C0626F93E8CE380658A0C6B3FB6F292820BBFFF17C8F164951E3B7"
deps_digest = "060AD7E57DFB13104F21BE5F5C3759D03F0553FC3229247D9A7A6B45F50D03A3"
dependencies = [
  { name = "0x5306f64e312b581766351c07af79c72fcb1cd25147157fdc2f8ad76de9a3fb6a" },
  { name = "MoveStdlib" },
  { name = "Sui" },
]

[[move.package]]
name = "0x5306f64e312b581766351c07af79c72fcb1cd25147157fdc2f8ad76de9a3fb6a"
source = { local = "../../../../on-chain-deps/0x5306f64e312b581766351c07af79c72fcb1cd25147157fdc2f8ad76de9a3fb6a" }

dependencies = [
  { name = "MoveStdlib" },
  { name = "Sui" },
]

[[move.package]]
name = "MoveStdlib"
source = { git = "https://github.com/MystenLabs/sui.git", rev = "041c5f2bae2fe52079e44b70514333532d69f4e6", subdir = "crates/sui-framework/packages/move-stdlib" }

[[move.package]]
name = "Sui"
source = { git = "https://github.com/MystenLabs/sui.git", rev = "041c5f2bae2fe52079e44b70514333532d69f4e6", subdir = "crates/sui-framework/packages/sui-framework" }

dependencies = [
  { name = "MoveStdlib" },
]

[move.toolchain-version]
compiler-version = "1.34.2"
edition = "2024.beta"
flavor = "sui"
