# @generated by Move, please check-in and do not edit manually.

[move]
version = 3
manifest_digest = "97AEB6C3E4EB0F7F570FB291025286DA312423294311AEC5E9354B37850C5711"
deps_digest = "F8BBB0CCB2491CA29A3DF03D6F92277A4F3574266507ACD77214D37ECA3F3082"
dependencies = [
  { id = "Sui", name = "Sui" },
]

[[move.package]]
id = "MoveStdlib"
source = { git = "https://github.com/MystenLabs/sui.git", rev = "mainnet-v1.51.5", subdir = "crates/sui-framework/packages/move-stdlib" }

[[move.package]]
id = "Sui"
source = { git = "https://github.com/MystenLabs/sui.git", rev = "mainnet-v1.51.5", subdir = "crates/sui-framework/packages/sui-framework" }

dependencies = [
  { id = "MoveStdlib", name = "MoveStdlib" },
]

[move.toolchain-version]
compiler-version = "1.52.2"
edition = "2024.beta"
flavor = "sui"

[env]

[env.mainnet]
chain-id = "35834a8a"
original-published-id = "0xb8dc843a816b51992ee10d2ddc6d28aab4f0a1d651cd7289a7897902eb631613"
latest-published-id = "0xb8dc843a816b51992ee10d2ddc6d28aab4f0a1d651cd7289a7897902eb631613"
published-version = "1"
