# @generated by Move, please check-in and do not edit manually.

[move]
version = 3
manifest_digest = "793E3653AC182E1B31F01FD0EEA3783B93832A50E9094CD14CD3FA100A4ADF76"
deps_digest = "397E6A9F7A624706DBDFEE056CE88391A15876868FD18A88504DA74EB458D697"
dependencies = [
  { id = "KaiLeverage", name = "KaiLeverage" },
  { id = "KaiLeverageSupplyPoolInit", name = "KaiLeverageSupplyPoolInit" },
  { id = "MoveStdlib", name = "MoveStdlib" },
  { id = "Sui", name = "Sui" },
  { id = "WHUSDCE", name = "WHUSDCE" },
]

[[move.package]]
id = "AccessManagement"
source = { local = "../../../../access-management" }

dependencies = [
  { id = "MoveStdlib", name = "MoveStdlib" },
  { id = "Sui", name = "Sui" },
]

[[move.package]]
id = "BluefinSpot"
source = { git = "https://github.com/fireflyprotocol/bluefin-spot-contract-interface.git", rev = "dddb0dd", subdir = "" }

dependencies = [
  { id = "IntegerLibrary", name = "IntegerLibrary" },
  { id = "IntegerMate", name = "IntegerMate" },
  { id = "Sui", name = "Sui" },
]

[[move.package]]
id = "Bridge"
source = { git = "https://github.com/MystenLabs/sui.git", rev = "2c930c25f8d3", subdir = "crates/sui-framework/packages/bridge" }

dependencies = [
  { id = "MoveStdlib", name = "MoveStdlib" },
  { id = "Sui", name = "Sui" },
  { id = "SuiSystem", name = "SuiSystem" },
]

[[move.package]]
id = "CetusClmm"
source = { local = "../../../../_vendor/CetusClmm" }

dependencies = [
  { id = "IntegerMate", name = "IntegerMate" },
  { id = "MoveSTL", name = "MoveSTL" },
  { id = "Sui", name = "Sui" },
]

[[move.package]]
id = "DEEP"
source = { local = "../../../../_vendor/DEEP" }

dependencies = [
  { id = "MoveStdlib", name = "MoveStdlib" },
  { id = "Sui", name = "Sui" },
]

[[move.package]]
id = "IntegerLibrary"
source = { git = "https://github.com/fireflyprotocol/integer-library.git", rev = "v1.0.1", subdir = "" }

dependencies = [
  { id = "Sui", name = "Sui" },
]

[[move.package]]
id = "IntegerMate"
source = { git = "https://github.com/CetusProtocol/integer-mate", rev = "c502cff", subdir = "sui" }

dependencies = [
  { id = "Sui", name = "Sui" },
]

[[move.package]]
id = "KaiLeverage"
source = { local = "../../core" }

dependencies = [
  { id = "AccessManagement", name = "AccessManagement" },
  { id = "BluefinSpot", name = "BluefinSpot" },
  { id = "CetusClmm", name = "CetusClmm" },
  { id = "DEEP", name = "DEEP" },
  { id = "IntegerMate", name = "IntegerMate" },
  { id = "LBTC", name = "LBTC" },
  { id = "MoveStdlib", name = "MoveStdlib" },
  { id = "Pyth", name = "Pyth" },
  { id = "Sui", name = "Sui" },
  { id = "SuiUsdt", name = "SuiUsdt" },
  { id = "USDY", name = "USDY" },
  { id = "WAL", name = "WAL" },
  { id = "WHUSDCE", name = "WHUSDCE" },
  { id = "WHUSDTE", name = "WHUSDTE" },
  { id = "usdc", name = "usdc" },
  { id = "wBTC", name = "wBTC" },
]

[[move.package]]
id = "KaiLeverageSupplyPoolInit"
source = { local = "../core" }

dependencies = [
  { id = "AccessManagement", name = "AccessManagement" },
  { id = "KaiLeverage", name = "KaiLeverage" },
  { id = "MoveStdlib", name = "MoveStdlib" },
  { id = "Sui", name = "Sui" },
]

[[move.package]]
id = "LBTC"
source = { local = "../../../../_vendor/LBTC" }

dependencies = [
  { id = "MoveStdlib", name = "MoveStdlib" },
  { id = "Sui", name = "Sui" },
]

[[move.package]]
id = "MoveSTL"
source = { local = "../../../../_vendor/MoveSTL" }

dependencies = [
  { id = "Sui", name = "Sui" },
]

[[move.package]]
id = "MoveStdlib"
source = { git = "https://github.com/MystenLabs/sui.git", rev = "mainnet-v1.51.5", subdir = "crates/sui-framework/packages/move-stdlib" }

[[move.package]]
id = "Pyth"
source = { local = "../../../../_vendor/Pyth" }

dependencies = [
  { id = "MoveStdlib", name = "MoveStdlib" },
  { id = "Sui", name = "Sui" },
  { id = "Wormhole", name = "Wormhole" },
]

[[move.package]]
id = "Sui"
source = { git = "https://github.com/MystenLabs/sui.git", rev = "mainnet-v1.51.5", subdir = "crates/sui-framework/packages/sui-framework" }

dependencies = [
  { id = "MoveStdlib", name = "MoveStdlib" },
]

[[move.package]]
id = "SuiSystem"
source = { git = "https://github.com/MystenLabs/sui.git", rev = "2c930c25f8d3", subdir = "crates/sui-framework/packages/sui-system" }

dependencies = [
  { id = "MoveStdlib", name = "MoveStdlib" },
  { id = "Sui", name = "Sui" },
]

[[move.package]]
id = "SuiUsdt"
source = { local = "../../../../_vendor/SuiUsdt" }

dependencies = [
  { id = "Bridge", name = "Bridge" },
  { id = "MoveStdlib", name = "MoveStdlib" },
  { id = "Sui", name = "Sui" },
  { id = "SuiSystem", name = "SuiSystem" },
]

[[move.package]]
id = "USDY"
source = { local = "../../../../_vendor/USDY" }

dependencies = [
  { id = "Bridge", name = "Bridge" },
  { id = "MoveStdlib", name = "MoveStdlib" },
  { id = "Sui", name = "Sui" },
  { id = "SuiSystem", name = "SuiSystem" },
]

[[move.package]]
id = "WAL"
source = { local = "../../../../_vendor/WAL" }

dependencies = [
  { id = "MoveStdlib", name = "MoveStdlib" },
  { id = "Sui", name = "Sui" },
]

[[move.package]]
id = "WHUSDCE"
source = { local = "../../../../_vendor/whUSDCe" }

dependencies = [
  { id = "Sui", name = "Sui" },
  { id = "Wormhole1", name = "Wormhole1" },
]

[[move.package]]
id = "WHUSDTE"
source = { local = "../../../../_vendor/whUSDTe" }

dependencies = [
  { id = "Sui", name = "Sui" },
]

[[move.package]]
id = "Wormhole"
source = { local = "../../../../_vendor/Wormhole" }

dependencies = [
  { id = "MoveStdlib", name = "MoveStdlib" },
  { id = "Sui", name = "Sui" },
]

[[move.package]]
id = "Wormhole1"
source = { local = "../../../../_vendor/Wormhole1" }

dependencies = [
  { id = "MoveStdlib", name = "MoveStdlib" },
  { id = "Sui", name = "Sui" },
  { id = "Wormhole", name = "Wormhole" },
]

[[move.package]]
id = "stablecoin"
source = { local = "../../../../_vendor/USDC/stablecoin" }

dependencies = [
  { id = "Sui", name = "Sui" },
  { id = "sui_extensions", name = "sui_extensions" },
]

[[move.package]]
id = "sui_extensions"
source = { local = "../../../../_vendor/USDC/sui_extensions" }

dependencies = [
  { id = "Sui", name = "Sui" },
]

[[move.package]]
id = "usdc"
source = { local = "../../../../_vendor/USDC/usdc" }

dependencies = [
  { id = "Sui", name = "Sui" },
  { id = "stablecoin", name = "stablecoin" },
  { id = "sui_extensions", name = "sui_extensions" },
]

[[move.package]]
id = "wBTC"
source = { local = "../../../../_vendor/wBTC" }

dependencies = [
  { id = "MoveStdlib", name = "MoveStdlib" },
  { id = "Sui", name = "Sui" },
]

[move.toolchain-version]
compiler-version = "1.51.5"
edition = "2024.beta"
flavor = "sui"

[env]

[env.mainnet]
chain-id = "35834a8a"
original-published-id = "0x27fc520bfa9a98ca098b8f484c445f865fcb0efd79c8e4c5274cd6515282fd14"
latest-published-id = "0x27fc520bfa9a98ca098b8f484c445f865fcb0efd79c8e4c5274cd6515282fd14"
published-version = "1"
