# @generated by Move, please check-in and do not edit manually.

[move]
version = 3
manifest_digest = "076DB0D719FC1C91073A5383FAFFE29E4A344DF321E16A33D2A5DB4BBC70413F"
deps_digest = "E3B0C44298FC1C149AFBF4C8996FB92427AE41E4649B934CA495991B7852B855"

[move.toolchain-version]
compiler-version = "1.38.3"
edition = "2024"
flavor = "sui"
