# @generated by Move, please check-in and do not edit manually.

[move]
version = 3
manifest_digest = "F614C805582303A0FF7A06BAB80CAB2E0092A5A7041C77A21B13493EEFEFC1A8"
deps_digest = "F8BBB0CCB2491CA29A3DF03D6F92277A4F3574266507ACD77214D37ECA3F3082"
dependencies = [
  { id = "Sui", name = "Sui" },
]

[[move.package]]
id = "MoveStdlib"
source = { git = "https://github.com/MystenLabs/sui.git", rev = "mainnet-v1.55.0", subdir = "crates/sui-framework/packages/move-stdlib" }

[[move.package]]
id = "Sui"
source = { git = "https://github.com/MystenLabs/sui.git", rev = "mainnet-v1.55.0", subdir = "crates/sui-framework/packages/sui-framework" }

dependencies = [
  { id = "MoveStdlib", name = "MoveStdlib" },
]

[move.toolchain-version]
compiler-version = "1.60.1"
edition = "2024.beta"
flavor = "sui"

[env]

[env.mainnet]
chain-id = "35834a8a"
original-published-id = "0xa4184b1a5829e7cced8e51e8e385b16d02642634cd3e72a50d31cdf4a78bfd5c"
latest-published-id = "0xa4184b1a5829e7cced8e51e8e385b16d02642634cd3e72a50d31cdf4a78bfd5c"
published-version = "1"
