# @generated by Move, please check-in and do not edit manually.

[move]
version = 0
manifest_digest = "BC15FAFF8FC054A981E1761CFDDA75EA1BD56B17D210CC17836351DB9FEBBDD1"
deps_digest = "CAFAD8A7CF51067FB4358215BECB86BD100DD64E57C2AC8A7AE7D74B688F5965"

dependencies = [
  { name = "KaiYwhUSDTeYSUI" },
  { name = "MoveStdlib" },
  { name = "ScallopPool" },
  { name = "ScallopProtocol" },
  { name = "Sui" },
  { name = "WHUSDCE" },
  { name = "WHUSDTE" },
]

[[move.package]]
name = "0x1318fdc90319ec9c24df1456d960a447521b0a658316155895014a6e39b5482f"
source = { local = "on-chain-deps/0x1318fdc90319ec9c24df1456d960a447521b0a658316155895014a6e39b5482f" }

dependencies = [
  { name = "MoveStdlib" },
  { name = "Sui" },
]

[[move.package]]
name = "0x1478a432123e4b3d61878b629f2c692969fdb375644f1251cd278a4b1e7d7cd6"
source = { local = "on-chain-deps/0x1478a432123e4b3d61878b629f2c692969fdb375644f1251cd278a4b1e7d7cd6" }

dependencies = [
  { name = "MoveStdlib" },
  { name = "Sui" },
]

[[move.package]]
name = "0x26efee2b51c911237888e5dc6702868abca3c7ac12c53f76ef8eba0697695e3d"
source = { local = "on-chain-deps/0x26efee2b51c911237888e5dc6702868abca3c7ac12c53f76ef8eba0697695e3d" }

dependencies = [
  { name = "0x5306f64e312b581766351c07af79c72fcb1cd25147157fdc2f8ad76de9a3fb6a" },
  { name = "MoveStdlib" },
  { name = "Sui" },
]

[[move.package]]
name = "0x5306f64e312b581766351c07af79c72fcb1cd25147157fdc2f8ad76de9a3fb6a"
source = { local = "on-chain-deps/0x5306f64e312b581766351c07af79c72fcb1cd25147157fdc2f8ad76de9a3fb6a" }

dependencies = [
  { name = "MoveStdlib" },
  { name = "Sui" },
]

[[move.package]]
name = "0x779b5c547976899f5474f3a5bc0db36ddf4697ad7e5a901db0415c2281d28162"
source = { local = "on-chain-deps/0x779b5c547976899f5474f3a5bc0db36ddf4697ad7e5a901db0415c2281d28162" }

dependencies = [
  { name = "MoveStdlib" },
  { name = "Sui" },
]

[[move.package]]
name = "0xad013d5fde39e15eabda32b3dbdafd67dac32b798ce63237c27a8f73339b9b6f"
source = { local = "on-chain-deps/0xad013d5fde39e15eabda32b3dbdafd67dac32b798ce63237c27a8f73339b9b6f" }

dependencies = [
  { name = "MoveStdlib" },
]

[[move.package]]
name = "0xca5a5a62f01c79a104bf4d31669e29daa387f325c241de4edbe30986a9bc8b0d"
source = { local = "on-chain-deps/0xca5a5a62f01c79a104bf4d31669e29daa387f325c241de4edbe30986a9bc8b0d" }

dependencies = [
  { name = "MoveStdlib" },
  { name = "Sui" },
]

[[move.package]]
name = "KaiYwhUSDTeYSUI"
source = { local = "deps/kai-ywhusdte-ysui" }

dependencies = [
  { name = "Sui" },
]

[[move.package]]
name = "MoveStdlib"
source = { git = "https://github.com/MystenLabs/sui.git", rev = "mainnet-v1.18.1", subdir = "crates/sui-framework/packages/move-stdlib" }

[[move.package]]
name = "ScallopPool"
source = { local = "on-chain-deps/0xec1ac7f4d01c5bf178ff4e62e523e7df7721453d81d4904a42a0ffc2686c843d" }

dependencies = [
  { name = "MoveStdlib" },
  { name = "Sui" },
]

[[move.package]]
name = "ScallopProtocol"
source = { local = "on-chain-deps/0x38fe42a5a69f7eb3635404389e8003be9457b1a5c873f133184648c7e9bd47b7" }

dependencies = [
  { name = "0x1318fdc90319ec9c24df1456d960a447521b0a658316155895014a6e39b5482f" },
  { name = "0x1478a432123e4b3d61878b629f2c692969fdb375644f1251cd278a4b1e7d7cd6" },
  { name = "0x779b5c547976899f5474f3a5bc0db36ddf4697ad7e5a901db0415c2281d28162" },
  { name = "0xad013d5fde39e15eabda32b3dbdafd67dac32b798ce63237c27a8f73339b9b6f" },
  { name = "0xca5a5a62f01c79a104bf4d31669e29daa387f325c241de4edbe30986a9bc8b0d" },
  { name = "MoveStdlib" },
  { name = "Sui" },
]

[[move.package]]
name = "Sui"
source = { git = "https://github.com/MystenLabs/sui.git", rev = "mainnet-v1.18.1", subdir = "crates/sui-framework/packages/sui-framework" }

dependencies = [
  { name = "MoveStdlib" },
]

[[move.package]]
name = "WHUSDCE"
source = { local = "on-chain-deps/0x5d4b302506645c37ff133b98c4b50a5ae14841659738d6d733d59d0d217a93bf" }

dependencies = [
  { name = "0x26efee2b51c911237888e5dc6702868abca3c7ac12c53f76ef8eba0697695e3d" },
  { name = "Sui" },
]

[[move.package]]
name = "WHUSDTE"
source = { local = "on-chain-deps/0xc060006111016b8a020ad5b33834984a437aaa7d3c74c18e09a95d48aceab08c" }

dependencies = [
  { name = "Sui" },
]

[move.toolchain-version]
compiler-version = "1.18.1"
edition = "legacy"
flavor = "sui"
