# @generated by Move, please check-in and do not edit manually.

[move]
version = 3
manifest_digest = "C6842714F1156D166690DC9A085CBF04216262EE117CE56801E291C760AE6B3B"
deps_digest = "3C4103934B1E040BB6B23F1D610B4EF9F2F1166A50A104EADCF77467C004C600"
dependencies = [
  { id = "MoveStdlib", name = "MoveStdlib" },
  { id = "Sui", name = "Sui" },
]

[[move.package]]
id = "MoveStdlib"
source = { git = "https://github.com/MystenLabs/sui.git", rev = "mainnet-v1.55.0", subdir = "crates/sui-framework/packages/move-stdlib" }

[[move.package]]
id = "Sui"
source = { git = "https://github.com/MystenLabs/sui.git", rev = "mainnet-v1.55.0", subdir = "crates/sui-framework/packages/sui-framework" }

dependencies = [
  { id = "MoveStdlib", name = "MoveStdlib" },
]

[move.toolchain-version]
compiler-version = "1.55.0"
edition = "2024"
flavor = "sui"

[env]

[env.mainnet]
chain-id = "35834a8a"
original-published-id = "0xe829c047cf805d54bde8ff2390883004d4557193d33bac516f3232105a2f2bb2"
latest-published-id = "0xe829c047cf805d54bde8ff2390883004d4557193d33bac516f3232105a2f2bb2"
published-version = "1"
