# @generated by Move, please check-in and do not edit manually.

[move]
version = 3
manifest_digest = "5D80696F25891E5055215E295E4EC2DB9EBFFC6891D59E94799BC923B03295AD"
deps_digest = "F8BBB0CCB2491CA29A3DF03D6F92277A4F3574266507ACD77214D37ECA3F3082"
dependencies = [
  { id = "Sui", name = "Sui" },
]

[[move.package]]
id = "MoveStdlib"
source = { git = "https://github.com/MystenLabs/sui.git", rev = "mainnet-v1.51.5", subdir = "crates/sui-framework/packages/move-stdlib" }

[[move.package]]
id = "Sui"
source = { git = "https://github.com/MystenLabs/sui.git", rev = "mainnet-v1.51.5", subdir = "crates/sui-framework/packages/sui-framework" }

dependencies = [
  { id = "MoveStdlib", name = "MoveStdlib" },
]

[move.toolchain-version]
compiler-version = "1.52.2"
edition = "2024.beta"
flavor = "sui"

[env]

[env.mainnet]
chain-id = "35834a8a"
original-published-id = "0xaa1365f35a163f785b2a660b97831298dc145a3bc71e993407a5991722974e70"
latest-published-id = "0xaa1365f35a163f785b2a660b97831298dc145a3bc71e993407a5991722974e70"
published-version = "1"
