# @generated by Move, please check-in and do not edit manually.

[move]
version = 3
manifest_digest = "84729B8E11E9B37C038A02543D4527FA939E23A15A64259FC6744489924ACB22"
deps_digest = "52B406A7A21811BEF51751CF88DA0E76DAEFFEAC888D4F4060B1A72BBE7D8D35"
dependencies = [
  { id = "AccessManagement", name = "AccessManagement" },
  { id = "KaiLeverage", name = "KaiLeverage" },
  { id = "KaiLeverageSupplyPoolInit", name = "KaiLeverageSupplyPoolInit" },
  { id = "MoveStdlib", name = "MoveStdlib" },
  { id = "Sui", name = "Sui" },
  { id = "usdc", name = "usdc" },
]

[[move.package]]
id = "AccessManagement"
source = { local = "../../../../access-management" }

dependencies = [
  { id = "MoveStdlib", name = "MoveStdlib" },
  { id = "Sui", name = "Sui" },
]

[[move.package]]
id = "BluefinSpot"
source = { git = "https://github.com/fireflyprotocol/bluefin-spot-contract-interface.git", rev = "5dfcb03", subdir = "" }

dependencies = [
  { id = "CetusClmm", name = "CetusClmm" },
  { id = "IntegerMate", name = "IntegerMate" },
  { id = "Sui", name = "Sui" },
]

[[move.package]]
id = "CetusClmm"
source = { git = "https://github.com/CetusProtocol/cetus-clmm-interface.git", rev = "mainnet-v1.23.1", subdir = "sui/clmmpool" }

dependencies = [
  { id = "IntegerMate", name = "IntegerMate" },
  { id = "MoveSTL", name = "MoveSTL" },
  { id = "Sui", name = "Sui" },
]

[[move.package]]
id = "DEEP"
source = { local = "../../../../_vendor/DEEP" }

dependencies = [
  { id = "MoveStdlib", name = "MoveStdlib" },
  { id = "Sui", name = "Sui" },
]

[[move.package]]
id = "IntegerMate"
source = { git = "https://github.com/CetusProtocol/integer-mate.git", rev = "mainnet-v1.23.1", subdir = "sui" }

dependencies = [
  { id = "Sui", name = "Sui" },
]

[[move.package]]
id = "KaiLeverage"
source = { local = "../../core" }

dependencies = [
  { id = "AccessManagement", name = "AccessManagement" },
  { id = "BluefinSpot", name = "BluefinSpot" },
  { id = "CetusClmm", name = "CetusClmm" },
  { id = "DEEP", name = "DEEP" },
  { id = "MoveStdlib", name = "MoveStdlib" },
  { id = "Pyth", name = "Pyth" },
  { id = "Sui", name = "Sui" },
  { id = "SuiUsdt", name = "SuiUsdt" },
  { id = "TurbosCLMM", name = "TurbosCLMM" },
  { id = "USDY", name = "USDY" },
  { id = "WHUSDCE", name = "WHUSDCE" },
  { id = "WHUSDTE", name = "WHUSDTE" },
  { id = "usdc", name = "usdc" },
]

[[move.package]]
id = "KaiLeverageSupplyPoolInit"
source = { local = "../core" }

dependencies = [
  { id = "AccessManagement", name = "AccessManagement" },
  { id = "KaiLeverage", name = "KaiLeverage" },
  { id = "MoveStdlib", name = "MoveStdlib" },
  { id = "Sui", name = "Sui" },
  { id = "usdc", name = "usdc" },
]

[[move.package]]
id = "MoveSTL"
source = { git = "https://github.com/CetusProtocol/move-stl.git", rev = "mainnet-v1.23.1", subdir = "sui" }

dependencies = [
  { id = "Sui", name = "Sui" },
]

[[move.package]]
id = "MoveStdlib"
source = { git = "https://github.com/MystenLabs/sui.git", rev = "mainnet-v1.41.2", subdir = "crates/sui-framework/packages/move-stdlib" }

[[move.package]]
id = "Pyth"
source = { local = "../../../../_vendor/Pyth" }

dependencies = [
  { id = "MoveStdlib", name = "MoveStdlib" },
  { id = "Sui", name = "Sui" },
  { id = "Wormhole", name = "Wormhole" },
]

[[move.package]]
id = "Sui"
source = { git = "https://github.com/MystenLabs/sui.git", rev = "mainnet-v1.41.2", subdir = "crates/sui-framework/packages/sui-framework" }

dependencies = [
  { id = "MoveStdlib", name = "MoveStdlib" },
]

[[move.package]]
id = "SuiUsdt"
source = { local = "../../../../_vendor/SuiUsdt" }

[[move.package]]
id = "TurbosCLMM"
source = { git = "https://github.com/turbos-finance/turbos-sui-move-interface.git", rev = "8887603", subdir = "clmm" }

dependencies = [
  { id = "Sui", name = "Sui" },
]

[[move.package]]
id = "USDY"
source = { local = "../../../../_vendor/USDY" }

[[move.package]]
id = "WHUSDCE"
source = { local = "../../../../_vendor/whUSDCe" }

dependencies = [
  { id = "Sui", name = "Sui" },
  { id = "Wormhole1", name = "Wormhole1" },
]

[[move.package]]
id = "WHUSDTE"
source = { local = "../../../../_vendor/whUSDTe" }

dependencies = [
  { id = "Sui", name = "Sui" },
]

[[move.package]]
id = "Wormhole"
source = { local = "../../../../_vendor/Wormhole" }

dependencies = [
  { id = "MoveStdlib", name = "MoveStdlib" },
  { id = "Sui", name = "Sui" },
]

[[move.package]]
id = "Wormhole1"
source = { local = "../../../../_vendor/Wormhole1" }

dependencies = [
  { id = "MoveStdlib", name = "MoveStdlib" },
  { id = "Sui", name = "Sui" },
  { id = "Wormhole", name = "Wormhole" },
]

[[move.package]]
id = "stablecoin"
source = { local = "../../../../_vendor/USDC/stablecoin" }

dependencies = [
  { id = "Sui", name = "Sui" },
  { id = "sui_extensions", name = "sui_extensions" },
]

[[move.package]]
id = "sui_extensions"
source = { local = "../../../../_vendor/USDC/sui_extensions" }

dependencies = [
  { id = "Sui", name = "Sui" },
]

[[move.package]]
id = "usdc"
source = { local = "../../../../_vendor/USDC/usdc" }

dependencies = [
  { id = "Sui", name = "Sui" },
  { id = "stablecoin", name = "stablecoin" },
  { id = "sui_extensions", name = "sui_extensions" },
]

[move.toolchain-version]
compiler-version = "1.41.1"
edition = "2024.beta"
flavor = "sui"

[env]

[env.mainnet]
chain-id = "35834a8a"
original-published-id = "0xa47906ee2160b8d1d89591a2bb37ed71053bfb3ed1b39581f03358950a91ca79"
latest-published-id = "0xa47906ee2160b8d1d89591a2bb37ed71053bfb3ed1b39581f03358950a91ca79"
published-version = "1"
