# Generated by move; do not edit
# This file should be checked in.

[move]
version = 4

[pinned.mainnet.MoveStdlib]
source = { git = "https://github.com/MystenLabs/sui.git", subdir = "crates/sui-framework/packages/move-stdlib", rev = "c2428b3aaf9c24270b609001e56d96cb10c76d28" }
use_environment = "mainnet"
manifest_digest = "C4FE4C91DE74CBF223B2E380AE40F592177D21870DC2D7EB6227D2D694E05363"
deps = {}

[pinned.mainnet.Sui]
source = { git = "https://github.com/MystenLabs/sui.git", subdir = "crates/sui-framework/packages/sui-framework", rev = "c2428b3aaf9c24270b609001e56d96cb10c76d28" }
use_environment = "mainnet"
manifest_digest = "CD547CB1ACCE0880C835DAED2D8FFCB91D56C833AE5240D3AA5B918398263195"
deps = { MoveStdlib = "MoveStdlib" }

[pinned.mainnet.access_management]
source = { local = "../../../../access-management" }
use_environment = "mainnet"
manifest_digest = "E41BBD67BE8940D26C79D78B028477EF5B33BA217A1282C78ACB344CF8A5ECF6"
deps = { std = "MoveStdlib", sui = "Sui" }

[pinned.mainnet.bluefin_spot]
source = { local = "../../../../_vendor/bluefin_spot" }
use_environment = "mainnet"
manifest_digest = "F2F1176CBE6AC97263932C07BCD6B2414A4C1F68E49677A4CBE2DD27E0B16DF9"
deps = { integer_library = "integer_library", integer_mate = "integer_mate", std = "MoveStdlib", sui = "Sui" }

[pinned.mainnet.cetus_clmm]
source = { local = "../../../../_vendor/CetusClmm" }
use_environment = "mainnet"
manifest_digest = "93A053A028A397FB54D6E4366E8402311289A2F622BB9593774780D99AC88226"
deps = { integer_mate = "integer_mate_1", move_stl = "move_stl", std = "MoveStdlib", sui = "Sui" }

[pinned.mainnet.deep]
source = { local = "../../../../_vendor/DEEP" }
use_environment = "mainnet"
manifest_digest = "E41BBD67BE8940D26C79D78B028477EF5B33BA217A1282C78ACB344CF8A5ECF6"
deps = { std = "MoveStdlib", sui = "Sui" }

[pinned.mainnet.integer_library]
source = { local = "../../../../_vendor/integer-library-v3" }
use_environment = "mainnet"
manifest_digest = "E41BBD67BE8940D26C79D78B028477EF5B33BA217A1282C78ACB344CF8A5ECF6"
deps = { std = "MoveStdlib", sui = "Sui" }

[pinned.mainnet.integer_mate]
source = { local = "../../../../_vendor/integer-mate-v5" }
use_environment = "mainnet"
manifest_digest = "E41BBD67BE8940D26C79D78B028477EF5B33BA217A1282C78ACB344CF8A5ECF6"
deps = { std = "MoveStdlib", sui = "Sui" }

[pinned.mainnet.integer_mate_1]
source = { local = "../../../../_vendor/IntegerMate" }
use_environment = "mainnet"
manifest_digest = "E41BBD67BE8940D26C79D78B028477EF5B33BA217A1282C78ACB344CF8A5ECF6"
deps = { std = "MoveStdlib", sui = "Sui" }

[pinned.mainnet.kai_leverage]
source = { local = "../../core" }
use_environment = "mainnet"
manifest_digest = "0EA4A40B6CF382D809FCEBE4ED9F6B202A32C7D5B7B37CB5FC7216CCE8C21ABF"
deps = { access_management = "access_management", bluefin_spot = "bluefin_spot", cetus_clmm = "cetus_clmm", deep = "deep", integer_mate = "integer_mate_1", lbtc = "lbtc", pyth = "pyth", rate_limiter = "rate_limiter", std = "MoveStdlib", sui = "Sui", suiusdt = "suiusdt", usdc = "usdc", usdy = "usdy", wal = "wal", wbtc = "wbtc", whusdce = "whusdce", whusdte = "whusdte", xbtc = "xbtc" }

[pinned.mainnet.klsp_init]
source = { local = "../core" }
use_environment = "mainnet"
manifest_digest = "6852EAC31AD6984AC15B438A459CEB1DAA1574124BCA56328B79E20710131F92"
deps = { access_management = "access_management", kai_leverage = "kai_leverage", std = "MoveStdlib", sui = "Sui" }

[pinned.mainnet.klsp_usdc]
source = { root = true }
use_environment = "mainnet"
manifest_digest = "97FEEE3B3A20B50971C901EF6605C8E5BED406EE150FD783BAD1A01C9BF77B58"
deps = { kai_leverage = "kai_leverage", klsp_init = "klsp_init", std = "MoveStdlib", sui = "Sui", usdc = "usdc" }

[pinned.mainnet.lbtc]
source = { local = "../../../../_vendor/LBTC" }
use_environment = "mainnet"
manifest_digest = "E41BBD67BE8940D26C79D78B028477EF5B33BA217A1282C78ACB344CF8A5ECF6"
deps = { std = "MoveStdlib", sui = "Sui" }

[pinned.mainnet.move_stl]
source = { local = "../../../../_vendor/MoveSTL" }
use_environment = "mainnet"
manifest_digest = "E41BBD67BE8940D26C79D78B028477EF5B33BA217A1282C78ACB344CF8A5ECF6"
deps = { std = "MoveStdlib", sui = "Sui" }

[pinned.mainnet.pyth]
source = { local = "../../../../_vendor/Pyth" }
use_environment = "mainnet"
manifest_digest = "0908ACE1CBE22057E7CC3A09616B8608C05F1D313489D1E9C29A356D381CC23A"
deps = { std = "MoveStdlib", sui = "Sui", wormhole = "wormhole" }

[pinned.mainnet.rate_limiter]
source = { local = "../../../../rate-limiter" }
use_environment = "mainnet"
manifest_digest = "E41BBD67BE8940D26C79D78B028477EF5B33BA217A1282C78ACB344CF8A5ECF6"
deps = { std = "MoveStdlib", sui = "Sui" }

[pinned.mainnet.stablecoin]
source = { local = "../../../../_vendor/USDC/stablecoin" }
use_environment = "mainnet"
manifest_digest = "6B08AFABA09DC0D0216E97EB27C33CD7A3791E8DC3631C94FB08528F77C1E3AD"
deps = { std = "MoveStdlib", sui = "Sui", sui_extensions = "sui_extensions" }

[pinned.mainnet.sui_extensions]
source = { local = "../../../../_vendor/USDC/sui_extensions" }
use_environment = "mainnet"
manifest_digest = "E41BBD67BE8940D26C79D78B028477EF5B33BA217A1282C78ACB344CF8A5ECF6"
deps = { std = "MoveStdlib", sui = "Sui" }

[pinned.mainnet.suiusdt]
source = { local = "../../../../_vendor/SuiUsdt" }
use_environment = "mainnet"
manifest_digest = "E41BBD67BE8940D26C79D78B028477EF5B33BA217A1282C78ACB344CF8A5ECF6"
deps = { std = "MoveStdlib", sui = "Sui" }

[pinned.mainnet.token_bridge]
source = { local = "../../../../_vendor/token-bridge" }
use_environment = "mainnet"
manifest_digest = "0908ACE1CBE22057E7CC3A09616B8608C05F1D313489D1E9C29A356D381CC23A"
deps = { std = "MoveStdlib", sui = "Sui", wormhole = "wormhole" }

[pinned.mainnet.usdc]
source = { local = "../../../../_vendor/USDC/usdc" }
use_environment = "mainnet"
manifest_digest = "788C6B27120436CD3E830FCCF96E10F05916A959631D98C03DF6F01EE4EACA6D"
deps = { stablecoin = "stablecoin", std = "MoveStdlib", sui = "Sui", sui_extensions = "sui_extensions" }

[pinned.mainnet.usdy]
source = { local = "../../../../_vendor/USDY" }
use_environment = "mainnet"
manifest_digest = "E41BBD67BE8940D26C79D78B028477EF5B33BA217A1282C78ACB344CF8A5ECF6"
deps = { std = "MoveStdlib", sui = "Sui" }

[pinned.mainnet.wal]
source = { local = "../../../../_vendor/WAL" }
use_environment = "mainnet"
manifest_digest = "E41BBD67BE8940D26C79D78B028477EF5B33BA217A1282C78ACB344CF8A5ECF6"
deps = { std = "MoveStdlib", sui = "Sui" }

[pinned.mainnet.wbtc]
source = { local = "../../../../_vendor/wBTC" }
use_environment = "mainnet"
manifest_digest = "E41BBD67BE8940D26C79D78B028477EF5B33BA217A1282C78ACB344CF8A5ECF6"
deps = { std = "MoveStdlib", sui = "Sui" }

[pinned.mainnet.whusdce]
source = { local = "../../../../_vendor/whUSDCe" }
use_environment = "mainnet"
manifest_digest = "DB559159B60587E5B1A0888F7FD5A26CD75754C2885A1C1F60AA4E0EDDA1BD22"
deps = { std = "MoveStdlib", sui = "Sui", token_bridge = "token_bridge" }

[pinned.mainnet.whusdte]
source = { local = "../../../../_vendor/whUSDTe" }
use_environment = "mainnet"
manifest_digest = "DB559159B60587E5B1A0888F7FD5A26CD75754C2885A1C1F60AA4E0EDDA1BD22"
deps = { std = "MoveStdlib", sui = "Sui", token_bridge = "token_bridge" }

[pinned.mainnet.wormhole]
source = { local = "../../../../_vendor/Wormhole" }
use_environment = "mainnet"
manifest_digest = "E41BBD67BE8940D26C79D78B028477EF5B33BA217A1282C78ACB344CF8A5ECF6"
deps = { std = "MoveStdlib", sui = "Sui" }

[pinned.mainnet.xbtc]
source = { local = "../../../../_vendor/xBTC" }
use_environment = "mainnet"
manifest_digest = "E41BBD67BE8940D26C79D78B028477EF5B33BA217A1282C78ACB344CF8A5ECF6"
deps = { std = "MoveStdlib", sui = "Sui" }
