# @generated by Move, please check-in and do not edit manually.

[move]
version = 3
manifest_digest = "BF68956CD5E2F5171C853F401B053D237C8F3DC1816357269C22F4FD2C10C6C0"
deps_digest = "F8BBB0CCB2491CA29A3DF03D6F92277A4F3574266507ACD77214D37ECA3F3082"
dependencies = [
  { id = "Sui", name = "Sui" },
]

[[move.package]]
id = "MoveStdlib"
source = { git = "https://github.com/MystenLabs/sui.git", rev = "mainnet-v1.51.5", subdir = "crates/sui-framework/packages/move-stdlib" }

[[move.package]]
id = "Sui"
source = { git = "https://github.com/MystenLabs/sui.git", rev = "mainnet-v1.51.5", subdir = "crates/sui-framework/packages/sui-framework" }

dependencies = [
  { id = "MoveStdlib", name = "MoveStdlib" },
]

[move.toolchain-version]
compiler-version = "1.51.5"
edition = "2024.beta"
flavor = "sui"

[env]

[env.mainnet]
chain-id = "35834a8a"
original-published-id = "0xe4ff5fcc935fddaf808e27017c994b9cd75eaac81cec4bd2b4b8fdeb05a71e07"
latest-published-id = "0xe4ff5fcc935fddaf808e27017c994b9cd75eaac81cec4bd2b4b8fdeb05a71e07"
published-version = "1"
