# @generated by Move, please check-in and do not edit manually.

[move]
version = 3
manifest_digest = "EE5EEF5B5EFAD750F27AD584DF85F64690E2A50971EEC281B21E737A8E4F0565"
deps_digest = "728267E8256D0E29B69A46E3C10EDFC9D0C5CC809D31E9018A81E44F5ED42912"
dependencies = [
  { id = "AccessManagement", name = "AccessManagement" },
  { id = "BluefinSpot", name = "BluefinSpot" },
  { id = "CetusClmm", name = "CetusClmm" },
  { id = "DEEP", name = "DEEP" },
  { id = "IntegerMate", name = "IntegerMate" },
  { id = "LBTC", name = "LBTC" },
  { id = "MoveStdlib", name = "MoveStdlib" },
  { id = "Pyth", name = "Pyth" },
  { id = "Sui", name = "Sui" },
  { id = "SuiUsdt", name = "SuiUsdt" },
  { id = "USDY", name = "USDY" },
  { id = "WAL", name = "WAL" },
  { id = "WHUSDCE", name = "WHUSDCE" },
  { id = "WHUSDTE", name = "WHUSDTE" },
  { id = "usdc", name = "usdc" },
  { id = "wBTC", name = "wBTC" },
  { id = "xBTC", name = "xBTC" },
]

[[move.package]]
id = "AccessManagement"
source = { local = "../../../access-management" }

dependencies = [
  { id = "MoveStdlib", name = "MoveStdlib" },
  { id = "Sui", name = "Sui" },
]

[[move.package]]
id = "BluefinSpot"
source = { git = "https://github.com/fireflyprotocol/bluefin-spot-contract-interface.git", rev = "dddb0dd", subdir = "" }

dependencies = [
  { id = "IntegerLibrary", name = "IntegerLibrary" },
  { id = "IntegerMate", name = "IntegerMate" },
  { id = "Sui", name = "Sui" },
]

[[move.package]]
id = "Bridge"
source = { git = "https://github.com/MystenLabs/sui.git", rev = "2cde80b5766b0bc2073908e10f6e3c81c93fd691", subdir = "crates/sui-framework/packages/bridge" }

dependencies = [
  { id = "MoveStdlib", name = "MoveStdlib" },
  { id = "Sui", name = "Sui" },
  { id = "SuiSystem", name = "SuiSystem" },
]

[[move.package]]
id = "CetusClmm"
source = { local = "../../../_vendor/CetusClmm" }

dependencies = [
  { id = "IntegerMate", name = "IntegerMate" },
  { id = "MoveSTL", name = "MoveSTL" },
  { id = "Sui", name = "Sui" },
]

[[move.package]]
id = "DEEP"
source = { local = "../../../_vendor/DEEP" }

dependencies = [
  { id = "MoveStdlib", name = "MoveStdlib" },
  { id = "Sui", name = "Sui" },
]

[[move.package]]
id = "IntegerLibrary"
source = { git = "https://github.com/fireflyprotocol/integer-library.git", rev = "v1.0.1", subdir = "" }

dependencies = [
  { id = "Sui", name = "Sui" },
]

[[move.package]]
id = "IntegerMate"
source = { git = "https://github.com/CetusProtocol/integer-mate", rev = "c502cff", subdir = "sui" }

dependencies = [
  { id = "Sui", name = "Sui" },
]

[[move.package]]
id = "LBTC"
source = { local = "../../../_vendor/LBTC" }

dependencies = [
  { id = "MoveStdlib", name = "MoveStdlib" },
  { id = "Sui", name = "Sui" },
]

[[move.package]]
id = "MoveSTL"
source = { local = "../../../_vendor/MoveSTL" }

dependencies = [
  { id = "Sui", name = "Sui" },
]

[[move.package]]
id = "MoveStdlib"
source = { git = "https://github.com/MystenLabs/sui.git", rev = "mainnet-v1.55.0", subdir = "crates/sui-framework/packages/move-stdlib" }

[[move.package]]
id = "Pyth"
source = { local = "../../../_vendor/Pyth" }

dependencies = [
  { id = "MoveStdlib", name = "MoveStdlib" },
  { id = "Sui", name = "Sui" },
  { id = "Wormhole", name = "Wormhole" },
]

[[move.package]]
id = "Sui"
source = { git = "https://github.com/MystenLabs/sui.git", rev = "mainnet-v1.55.0", subdir = "crates/sui-framework/packages/sui-framework" }

dependencies = [
  { id = "MoveStdlib", name = "MoveStdlib" },
]

[[move.package]]
id = "SuiSystem"
source = { git = "https://github.com/MystenLabs/sui.git", rev = "2cde80b5766b0bc2073908e10f6e3c81c93fd691", subdir = "crates/sui-framework/packages/sui-system" }

dependencies = [
  { id = "MoveStdlib", name = "MoveStdlib" },
  { id = "Sui", name = "Sui" },
]

[[move.package]]
id = "SuiUsdt"
source = { local = "../../../_vendor/SuiUsdt" }

dependencies = [
  { id = "Bridge", name = "Bridge" },
  { id = "MoveStdlib", name = "MoveStdlib" },
  { id = "Sui", name = "Sui" },
  { id = "SuiSystem", name = "SuiSystem" },
]

[[move.package]]
id = "USDY"
source = { local = "../../../_vendor/USDY" }

dependencies = [
  { id = "Bridge", name = "Bridge" },
  { id = "MoveStdlib", name = "MoveStdlib" },
  { id = "Sui", name = "Sui" },
  { id = "SuiSystem", name = "SuiSystem" },
]

[[move.package]]
id = "WAL"
source = { local = "../../../_vendor/WAL" }

dependencies = [
  { id = "MoveStdlib", name = "MoveStdlib" },
  { id = "Sui", name = "Sui" },
]

[[move.package]]
id = "WHUSDCE"
source = { local = "../../../_vendor/whUSDCe" }

dependencies = [
  { id = "Sui", name = "Sui" },
  { id = "Wormhole1", name = "Wormhole1" },
]

[[move.package]]
id = "WHUSDTE"
source = { local = "../../../_vendor/whUSDTe" }

dependencies = [
  { id = "Sui", name = "Sui" },
]

[[move.package]]
id = "Wormhole"
source = { local = "../../../_vendor/Wormhole" }

dependencies = [
  { id = "MoveStdlib", name = "MoveStdlib" },
  { id = "Sui", name = "Sui" },
]

[[move.package]]
id = "Wormhole1"
source = { local = "../../../_vendor/Wormhole1" }

dependencies = [
  { id = "MoveStdlib", name = "MoveStdlib" },
  { id = "Sui", name = "Sui" },
  { id = "Wormhole", name = "Wormhole" },
]

[[move.package]]
id = "stablecoin"
source = { local = "../../../_vendor/USDC/stablecoin" }

dependencies = [
  { id = "Sui", name = "Sui" },
  { id = "sui_extensions", name = "sui_extensions" },
]

[[move.package]]
id = "sui_extensions"
source = { local = "../../../_vendor/USDC/sui_extensions" }

dependencies = [
  { id = "Sui", name = "Sui" },
]

[[move.package]]
id = "usdc"
source = { local = "../../../_vendor/USDC/usdc" }

dependencies = [
  { id = "Sui", name = "Sui" },
  { id = "stablecoin", name = "stablecoin" },
  { id = "sui_extensions", name = "sui_extensions" },
]

[[move.package]]
id = "wBTC"
source = { local = "../../../_vendor/wBTC" }

dependencies = [
  { id = "MoveStdlib", name = "MoveStdlib" },
  { id = "Sui", name = "Sui" },
]

[[move.package]]
id = "xBTC"
source = { local = "../../../_vendor/xBTC" }

dependencies = [
  { id = "Bridge", name = "Bridge" },
  { id = "MoveStdlib", name = "MoveStdlib" },
  { id = "Sui", name = "Sui" },
  { id = "SuiSystem", name = "SuiSystem" },
]

[move.toolchain-version]
compiler-version = "1.55.0"
edition = "2024.beta"
flavor = "sui"

[env]

[env.mainnet]
chain-id = "35834a8a"
original-published-id = "0x51e0ccce48f0763f98f1cb4856847c2e1531adacada99cdd7626ab999db57523"
latest-published-id = "0xd98a76e61b2499856e1958291b2c170a02e6c43d555d18f2f2f7d2741736481b"
published-version = "16"
