# @generated by Move, please check-in and do not edit manually.

[move]
version = 3
manifest_digest = "702188B43ED2F6E2827A78173CD99C44C2290B167C1996F3363311A00196C1AA"
deps_digest = "8D8E72BAA06E63572166CA7E7F6E159CA2D11E27ADE3961B15E29922A04B0D32"
dependencies = [
  { id = "AccessManagement", name = "AccessManagement" },
  { id = "BluefinSpot", name = "BluefinSpot" },
  { id = "CetusClmm", name = "CetusClmm" },
  { id = "DEEP", name = "DEEP" },
  { id = "MoveStdlib", name = "MoveStdlib" },
  { id = "Pyth", name = "Pyth" },
  { id = "Sui", name = "Sui" },
  { id = "SuiUsdt", name = "SuiUsdt" },
  { id = "USDY", name = "USDY" },
  { id = "WHUSDCE", name = "WHUSDCE" },
  { id = "WHUSDTE", name = "WHUSDTE" },
  { id = "usdc", name = "usdc" },
]

[[move.package]]
id = "AccessManagement"
source = { local = "../../../access-management" }

dependencies = [
  { id = "MoveStdlib", name = "MoveStdlib" },
  { id = "Sui", name = "Sui" },
]

[[move.package]]
id = "BluefinSpot"
source = { git = "https://github.com/fireflyprotocol/bluefin-spot-contract-interface.git", rev = "dddb0dd", subdir = "" }

dependencies = [
  { id = "IntegerLibrary", name = "IntegerLibrary" },
  { id = "IntegerMate", name = "IntegerMate" },
  { id = "Sui", name = "Sui" },
]

[[move.package]]
id = "CetusClmm"
source = { git = "https://github.com/CetusProtocol/cetus-clmm-interface.git", rev = "c822f41", subdir = "sui/cetus_clmm" }

dependencies = [
  { id = "IntegerMate", name = "IntegerMate" },
  { id = "MoveSTL", name = "MoveSTL" },
  { id = "Sui", name = "Sui" },
]

[[move.package]]
id = "DEEP"
source = { local = "../../../_vendor/DEEP" }

dependencies = [
  { id = "MoveStdlib", name = "MoveStdlib" },
  { id = "Sui", name = "Sui" },
]

[[move.package]]
id = "IntegerLibrary"
source = { git = "https://github.com/fireflyprotocol/integer-library.git", rev = "v1.0.1", subdir = "" }

dependencies = [
  { id = "Sui", name = "Sui" },
]

[[move.package]]
id = "IntegerMate"
source = { git = "https://github.com/CetusProtocol/integer-mate.git", rev = "sui-v1.1.2", subdir = "sui" }

dependencies = [
  { id = "Sui", name = "Sui" },
]

[[move.package]]
id = "MoveSTL"
source = { git = "https://github.com/CetusProtocol/move-stl.git", rev = "mainnet-v1.48.2", subdir = "sui" }

dependencies = [
  { id = "Sui", name = "Sui" },
]

[[move.package]]
id = "MoveStdlib"
source = { git = "https://github.com/MystenLabs/sui.git", rev = "mainnet-v1.41.2", subdir = "crates/sui-framework/packages/move-stdlib" }

[[move.package]]
id = "Pyth"
source = { local = "../../../_vendor/Pyth" }

dependencies = [
  { id = "MoveStdlib", name = "MoveStdlib" },
  { id = "Sui", name = "Sui" },
  { id = "Wormhole", name = "Wormhole" },
]

[[move.package]]
id = "Sui"
source = { git = "https://github.com/MystenLabs/sui.git", rev = "mainnet-v1.41.2", subdir = "crates/sui-framework/packages/sui-framework" }

dependencies = [
  { id = "MoveStdlib", name = "MoveStdlib" },
]

[[move.package]]
id = "SuiUsdt"
source = { local = "../../../_vendor/SuiUsdt" }

dependencies = [
  { id = "Sui", name = "Sui" },
]

[[move.package]]
id = "USDY"
source = { local = "../../../_vendor/USDY" }

[[move.package]]
id = "WHUSDCE"
source = { local = "../../../_vendor/whUSDCe" }

dependencies = [
  { id = "Sui", name = "Sui" },
  { id = "Wormhole1", name = "Wormhole1" },
]

[[move.package]]
id = "WHUSDTE"
source = { local = "../../../_vendor/whUSDTe" }

dependencies = [
  { id = "Sui", name = "Sui" },
]

[[move.package]]
id = "Wormhole"
source = { local = "../../../_vendor/Wormhole" }

dependencies = [
  { id = "MoveStdlib", name = "MoveStdlib" },
  { id = "Sui", name = "Sui" },
]

[[move.package]]
id = "Wormhole1"
source = { local = "../../../_vendor/Wormhole1" }

dependencies = [
  { id = "MoveStdlib", name = "MoveStdlib" },
  { id = "Sui", name = "Sui" },
  { id = "Wormhole", name = "Wormhole" },
]

[[move.package]]
id = "stablecoin"
source = { local = "../../../_vendor/USDC/stablecoin" }

dependencies = [
  { id = "Sui", name = "Sui" },
  { id = "sui_extensions", name = "sui_extensions" },
]

[[move.package]]
id = "sui_extensions"
source = { local = "../../../_vendor/USDC/sui_extensions" }

dependencies = [
  { id = "Sui", name = "Sui" },
]

[[move.package]]
id = "usdc"
source = { local = "../../../_vendor/USDC/usdc" }

dependencies = [
  { id = "Sui", name = "Sui" },
  { id = "stablecoin", name = "stablecoin" },
  { id = "sui_extensions", name = "sui_extensions" },
]

[move.toolchain-version]
compiler-version = "1.48.2"
edition = "2024.beta"
flavor = "sui"

[env]

[env.mainnet]
chain-id = "35834a8a"
original-published-id = "0x51e0ccce48f0763f98f1cb4856847c2e1531adacada99cdd7626ab999db57523"
latest-published-id = "0x49691904e57eff80e1409e6c71f643fecb5b7eeec97a1b4b97205a7317bed12a"
published-version = "11"
