# @generated by Move, please check-in and do not edit manually.

[move]
version = 2
manifest_digest = "3B9033BFA1E0E7DF2368937EFB19CF593709A7C123FC35E344C68DF254257FB8"
deps_digest = "060AD7E57DFB13104F21BE5F5C3759D03F0553FC3229247D9A7A6B45F50D03A3"
dependencies = [
  { name = "0x5306f64e312b581766351c07af79c72fcb1cd25147157fdc2f8ad76de9a3fb6a" },
  { name = "MoveStdlib" },
  { name = "Sui" },
]

[[move.package]]
name = "0x5306f64e312b581766351c07af79c72fcb1cd25147157fdc2f8ad76de9a3fb6a"
source = { local = "../0x5306f64e312b581766351c07af79c72fcb1cd25147157fdc2f8ad76de9a3fb6a" }

dependencies = [
  { name = "MoveStdlib" },
  { name = "Sui" },
]

[[move.package]]
name = "MoveStdlib"
source = { git = "https://github.com/MystenLabs/sui.git", rev = "mainnet-v1.12.2", subdir = "crates/sui-framework/packages/move-stdlib" }

[[move.package]]
name = "Sui"
source = { git = "https://github.com/MystenLabs/sui.git", rev = "mainnet-v1.12.2", subdir = "crates/sui-framework/packages/sui-framework" }

dependencies = [
  { name = "MoveStdlib" },
]
