# @generated by Move, please check-in and do not edit manually.

[move]
version = 2
manifest_digest = "1092F0968B6837CE14A850F18F409B30D89691C3240C13953C34A24061FBA4D6"
deps_digest = "060AD7E57DFB13104F21BE5F5C3759D03F0553FC3229247D9A7A6B45F50D03A3"
dependencies = [
  { name = "Sui" },
  { name = "stablecoin" },
  { name = "sui_extensions" },
]

[[move.package]]
name = "MoveStdlib"
source = { git = "https://github.com/MystenLabs/sui.git", rev = "a4185da5659d8d299d34e1bb2515ff1f7e32a20a", subdir = "crates/sui-framework/packages/move-stdlib" }

[[move.package]]
name = "Sui"
source = { git = "https://github.com/MystenLabs/sui.git", rev = "a4185da5659d8d299d34e1bb2515ff1f7e32a20a", subdir = "crates/sui-framework/packages/sui-framework" }

dependencies = [
  { name = "MoveStdlib" },
]

[[move.package]]
name = "stablecoin"
source = { local = "../stablecoin" }

dependencies = [
  { name = "Sui" },
  { name = "sui_extensions" },
]

[[move.package]]
name = "sui_extensions"
source = { local = "../sui_extensions" }

dependencies = [
  { name = "Sui" },
]

[move.toolchain-version]
compiler-version = "1.34.2"
edition = "2024.beta"
flavor = "sui"
