# Generated by move; do not edit
# This file should be checked in.

[move]
version = 4

[pinned.mainnet.MoveStdlib]
source = { git = "https://github.com/MystenLabs/sui.git", subdir = "crates/sui-framework/packages/move-stdlib", rev = "c2428b3aaf9c24270b609001e56d96cb10c76d28" }
use_environment = "mainnet"
manifest_digest = "C4FE4C91DE74CBF223B2E380AE40F592177D21870DC2D7EB6227D2D694E05363"
deps = {}

[pinned.mainnet.Sui]
source = { git = "https://github.com/MystenLabs/sui.git", subdir = "crates/sui-framework/packages/sui-framework", rev = "c2428b3aaf9c24270b609001e56d96cb10c76d28" }
use_environment = "mainnet"
manifest_digest = "CD547CB1ACCE0880C835DAED2D8FFCB91D56C833AE5240D3AA5B918398263195"
deps = { MoveStdlib = "MoveStdlib" }

[pinned.mainnet.cetus_clmm]
source = { local = "../clmm-v13" }
use_environment = "mainnet"
manifest_digest = "F7C63F1ECF575145EBED2E2DBEEDFDFA65654D819BFD3482A0E92BF63E87668A"
deps = { integer_mate = "integer_mate", move_stl = "move_stl", std = "MoveStdlib", sui = "Sui" }

[pinned.mainnet.cetus_farming]
source = { local = "../farming-v9" }
use_environment = "mainnet"
manifest_digest = "3225B989FC764799DE3CD274E672A6A2CFE5CA95BEAF4902ADCDEDA663C500B4"
deps = { cetus_clmm = "cetus_clmm", integer_mate = "integer_mate", move_stl = "move_stl", std = "MoveStdlib", sui = "Sui" }

[pinned.mainnet.cetus_integrate]
source = { root = true }
use_environment = "mainnet"
manifest_digest = "10B7BECF0E85043E1938689F78B2ADB6FC6802BB32D49A66851725BB8C5B2381"
deps = { cetus_clmm = "cetus_clmm", cetus_farming = "cetus_farming", integer_mate = "integer_mate", move_stl = "move_stl", std = "MoveStdlib", sui = "Sui" }

[pinned.mainnet.integer_mate]
source = { local = "../integer-mate-v7" }
use_environment = "mainnet"
manifest_digest = "E41BBD67BE8940D26C79D78B028477EF5B33BA217A1282C78ACB344CF8A5ECF6"
deps = { std = "MoveStdlib", sui = "Sui" }

[pinned.mainnet.move_stl]
source = { local = "../move-stl-v5" }
use_environment = "mainnet"
manifest_digest = "E41BBD67BE8940D26C79D78B028477EF5B33BA217A1282C78ACB344CF8A5ECF6"
deps = { std = "MoveStdlib", sui = "Sui" }

[pinned.testnet.MoveStdlib]
source = { git = "https://github.com/MystenLabs/sui.git", subdir = "crates/sui-framework/packages/move-stdlib", rev = "c2428b3aaf9c24270b609001e56d96cb10c76d28" }
use_environment = "testnet"
manifest_digest = "C4FE4C91DE74CBF223B2E380AE40F592177D21870DC2D7EB6227D2D694E05363"
deps = {}

[pinned.testnet.Sui]
source = { git = "https://github.com/MystenLabs/sui.git", subdir = "crates/sui-framework/packages/sui-framework", rev = "c2428b3aaf9c24270b609001e56d96cb10c76d28" }
use_environment = "testnet"
manifest_digest = "7AFB66695545775FBFBB2D3078ADFD084244D5002392E837FDE21D9EA1C6D01C"
deps = { MoveStdlib = "MoveStdlib" }

[pinned.testnet.cetus_clmm]
source = { local = "../clmm-v13" }
use_environment = "testnet"
manifest_digest = "AA1E11CF782D4544DCB978407AF89B5DF9851B2ECF80E93B2D30FBA628682A8C"
deps = { integer_mate = "integer_mate", move_stl = "move_stl", std = "MoveStdlib", sui = "Sui" }

[pinned.testnet.cetus_farming]
source = { local = "../farming-v9" }
use_environment = "testnet"
manifest_digest = "8DB158090AFF5CFE23E583AEC9A22C651155612065FEC356DA74C639F67B5231"
deps = { cetus_clmm = "cetus_clmm", integer_mate = "integer_mate", move_stl = "move_stl", std = "MoveStdlib", sui = "Sui" }

[pinned.testnet.cetus_integrate]
source = { root = true }
use_environment = "testnet"
manifest_digest = "9404C2C940A560D5834D7B47CF2F9B407AE67FEF54035DD13DAF84037810AD26"
deps = { cetus_clmm = "cetus_clmm", cetus_farming = "cetus_farming", integer_mate = "integer_mate", move_stl = "move_stl", std = "MoveStdlib", sui = "Sui" }

[pinned.testnet.integer_mate]
source = { local = "../integer-mate-v7" }
use_environment = "testnet"
manifest_digest = "5745706258F61D6CE210904B3E6AE87A73CE9D31A6F93BE4718C442529332A87"
deps = { std = "MoveStdlib", sui = "Sui" }

[pinned.testnet.move_stl]
source = { local = "../move-stl-v5" }
use_environment = "testnet"
manifest_digest = "5745706258F61D6CE210904B3E6AE87A73CE9D31A6F93BE4718C442529332A87"
deps = { std = "MoveStdlib", sui = "Sui" }
