# @generated by Move, please check-in and do not edit manually.

[move]
version = 3
manifest_digest = "8693C42E69A08D1103BC51CCB6FF508946FA203F221DFE91DC51F43A72213DE3"
deps_digest = "04732BFEF428F74DE262001DC455D76B909EBC394B034A9A15CC095E4BDD9CEF"
dependencies = [
  { id = "AccessManagement", name = "AccessManagement" },
  { id = "Bridge", name = "Bridge" },
  { id = "KaiLeverage", name = "KaiLeverage" },
  { id = "KaiLeverageSupplyPoolInit", name = "KaiLeverageSupplyPoolInit" },
  { id = "MoveStdlib", name = "MoveStdlib" },
  { id = "Sui", name = "Sui" },
  { id = "SuiSystem", name = "SuiSystem" },
  { id = "USDY", name = "USDY" },
]

[[move.package]]
id = "AccessManagement"
source = { local = "../../../../access-management" }

dependencies = [
  { id = "Bridge", name = "Bridge" },
  { id = "MoveStdlib", name = "MoveStdlib" },
  { id = "Sui", name = "Sui" },
  { id = "SuiSystem", name = "SuiSystem" },
]

[[move.package]]
id = "Bridge"
source = { git = "https://github.com/MystenLabs/sui.git", rev = "c1f1ae650fb9f9248b39a569400b4420820868db", subdir = "crates/sui-framework/packages/bridge" }

dependencies = [
  { id = "MoveStdlib", name = "MoveStdlib" },
  { id = "Sui", name = "Sui" },
  { id = "SuiSystem", name = "SuiSystem" },
]

[[move.package]]
id = "CetusClmm"
source = { local = "../../../../_vendor/CetusClmm" }

dependencies = [
  { id = "Bridge", name = "Bridge" },
  { id = "IntegerMate", name = "IntegerMate" },
  { id = "MoveSTL", name = "MoveSTL" },
  { id = "MoveStdlib", name = "MoveStdlib" },
  { id = "Sui", name = "Sui" },
  { id = "SuiSystem", name = "SuiSystem" },
]

[[move.package]]
id = "DEEP"
source = { local = "../../../../_vendor/DEEP" }

dependencies = [
  { id = "MoveStdlib", name = "MoveStdlib" },
  { id = "Sui", name = "Sui" },
]

[[move.package]]
id = "IntegerLibrary"
source = { git = "https://github.com/fireflyprotocol/integer-library.git", rev = "v1.0.1", subdir = "" }

dependencies = [
  { id = "Sui", name = "Sui" },
]

[[move.package]]
id = "IntegerMate"
source = { local = "../../../../_vendor/IntegerMate" }

dependencies = [
  { id = "Bridge", name = "Bridge" },
  { id = "MoveStdlib", name = "MoveStdlib" },
  { id = "Sui", name = "Sui" },
  { id = "SuiSystem", name = "SuiSystem" },
]

[[move.package]]
id = "KaiLeverage"
source = { local = "../../core" }

dependencies = [
  { id = "AccessManagement", name = "AccessManagement" },
  { id = "Bridge", name = "Bridge" },
  { id = "CetusClmm", name = "CetusClmm" },
  { id = "IntegerMate", name = "IntegerMate" },
  { id = "MoveStdlib", name = "MoveStdlib" },
  { id = "Pyth", name = "Pyth" },
  { id = "Sui", name = "Sui" },
  { id = "SuiSystem", name = "SuiSystem" },
  { id = "bluefin_spot", name = "bluefin_spot" },
  { id = "rate_limiter", name = "rate_limiter" },
]

dev-dependencies = [
  { id = "DEEP", name = "DEEP" },
  { id = "LBTC", name = "LBTC" },
  { id = "SuiUsdt", name = "SuiUsdt" },
  { id = "USDY", name = "USDY" },
  { id = "WAL", name = "WAL" },
  { id = "WHUSDCE", name = "WHUSDCE" },
  { id = "WHUSDTE", name = "WHUSDTE" },
  { id = "usdc", name = "usdc" },
  { id = "wBTC", name = "wBTC" },
  { id = "xBTC", name = "xBTC" },
]

[[move.package]]
id = "KaiLeverageSupplyPoolInit"
source = { local = "../core" }

dependencies = [
  { id = "AccessManagement", name = "AccessManagement" },
  { id = "Bridge", name = "Bridge" },
  { id = "KaiLeverage", name = "KaiLeverage" },
  { id = "MoveStdlib", name = "MoveStdlib" },
  { id = "Sui", name = "Sui" },
  { id = "SuiSystem", name = "SuiSystem" },
]

[[move.package]]
id = "LBTC"
source = { local = "../../../../_vendor/LBTC" }

dependencies = [
  { id = "MoveStdlib", name = "MoveStdlib" },
  { id = "Sui", name = "Sui" },
]

[[move.package]]
id = "MoveSTL"
source = { local = "../../../../_vendor/MoveSTL" }

dependencies = [
  { id = "Bridge", name = "Bridge" },
  { id = "MoveStdlib", name = "MoveStdlib" },
  { id = "Sui", name = "Sui" },
  { id = "SuiSystem", name = "SuiSystem" },
]

[[move.package]]
id = "MoveStdlib"
source = { git = "https://github.com/MystenLabs/sui.git", rev = "c1f1ae650fb9f9248b39a569400b4420820868db", subdir = "crates/sui-framework/packages/move-stdlib" }

[[move.package]]
id = "Pyth"
source = { local = "../../../../_vendor/Pyth" }

dependencies = [
  { id = "MoveStdlib", name = "MoveStdlib" },
  { id = "Sui", name = "Sui" },
  { id = "Wormhole", name = "Wormhole" },
]

[[move.package]]
id = "Sui"
source = { git = "https://github.com/MystenLabs/sui.git", rev = "c1f1ae650fb9f9248b39a569400b4420820868db", subdir = "crates/sui-framework/packages/sui-framework" }

dependencies = [
  { id = "MoveStdlib", name = "MoveStdlib" },
]

[[move.package]]
id = "SuiSystem"
source = { git = "https://github.com/MystenLabs/sui.git", rev = "c1f1ae650fb9f9248b39a569400b4420820868db", subdir = "crates/sui-framework/packages/sui-system" }

dependencies = [
  { id = "MoveStdlib", name = "MoveStdlib" },
  { id = "Sui", name = "Sui" },
]

[[move.package]]
id = "SuiUsdt"
source = { local = "../../../../_vendor/SuiUsdt" }

dependencies = [
  { id = "Bridge", name = "Bridge" },
  { id = "MoveStdlib", name = "MoveStdlib" },
  { id = "Sui", name = "Sui" },
  { id = "SuiSystem", name = "SuiSystem" },
]

[[move.package]]
id = "USDY"
source = { local = "../../../../_vendor/USDY" }

dependencies = [
  { id = "Bridge", name = "Bridge" },
  { id = "MoveStdlib", name = "MoveStdlib" },
  { id = "Sui", name = "Sui" },
  { id = "SuiSystem", name = "SuiSystem" },
]

[[move.package]]
id = "WAL"
source = { local = "../../../../_vendor/WAL" }

dependencies = [
  { id = "MoveStdlib", name = "MoveStdlib" },
  { id = "Sui", name = "Sui" },
]

[[move.package]]
id = "WHUSDCE"
source = { local = "../../../../_vendor/whUSDCe" }

dependencies = [
  { id = "Sui", name = "Sui" },
  { id = "Wormhole1", name = "Wormhole1" },
]

[[move.package]]
id = "WHUSDTE"
source = { local = "../../../../_vendor/whUSDTe" }

dependencies = [
  { id = "Sui", name = "Sui" },
]

[[move.package]]
id = "Wormhole"
source = { local = "../../../../_vendor/Wormhole" }

dependencies = [
  { id = "MoveStdlib", name = "MoveStdlib" },
  { id = "Sui", name = "Sui" },
]

[[move.package]]
id = "Wormhole1"
source = { local = "../../../../_vendor/Wormhole1" }

dependencies = [
  { id = "MoveStdlib", name = "MoveStdlib" },
  { id = "Sui", name = "Sui" },
  { id = "Wormhole", name = "Wormhole" },
]

[[move.package]]
id = "bluefin_spot"
source = { local = "../../../../_vendor/bluefin_spot" }

dependencies = [
  { id = "IntegerLibrary", name = "IntegerLibrary" },
  { id = "IntegerMate", name = "IntegerMate" },
  { id = "Sui", name = "Sui" },
]

[[move.package]]
id = "rate_limiter"
source = { local = "../../../../rate-limiter" }

dependencies = [
  { id = "Bridge", name = "Bridge" },
  { id = "MoveStdlib", name = "MoveStdlib" },
  { id = "Sui", name = "Sui" },
  { id = "SuiSystem", name = "SuiSystem" },
]

[[move.package]]
id = "stablecoin"
source = { local = "../../../../_vendor/USDC/stablecoin" }

dependencies = [
  { id = "Sui", name = "Sui" },
  { id = "sui_extensions", name = "sui_extensions" },
]

[[move.package]]
id = "sui_extensions"
source = { local = "../../../../_vendor/USDC/sui_extensions" }

dependencies = [
  { id = "Sui", name = "Sui" },
]

[[move.package]]
id = "usdc"
source = { local = "../../../../_vendor/USDC/usdc" }

dependencies = [
  { id = "Sui", name = "Sui" },
  { id = "stablecoin", name = "stablecoin" },
  { id = "sui_extensions", name = "sui_extensions" },
]

[[move.package]]
id = "wBTC"
source = { local = "../../../../_vendor/wBTC" }

dependencies = [
  { id = "MoveStdlib", name = "MoveStdlib" },
  { id = "Sui", name = "Sui" },
]

[[move.package]]
id = "xBTC"
source = { local = "../../../../_vendor/xBTC" }

dependencies = [
  { id = "Bridge", name = "Bridge" },
  { id = "MoveStdlib", name = "MoveStdlib" },
  { id = "Sui", name = "Sui" },
  { id = "SuiSystem", name = "SuiSystem" },
]

[move.toolchain-version]
compiler-version = "1.61.2"
edition = "2024.beta"
flavor = "sui"

[env]

[env.mainnet]
chain-id = "35834a8a"
original-published-id = "0xcc89168df227621ceab8f2309f134fef00606cc056b61c598a776847367b8e36"
latest-published-id = "0xcc89168df227621ceab8f2309f134fef00606cc056b61c598a776847367b8e36"
published-version = "1"
