# @generated by Move, please check-in and do not edit manually.

[move]
version = 3
manifest_digest = "B41C7BDB0BD33E0538F6FE53422F2AB6B53216245BEA3EA04E0BEA051CE6A602"
deps_digest = "52B406A7A21811BEF51751CF88DA0E76DAEFFEAC888D4F4060B1A72BBE7D8D35"
dependencies = [
  { id = "AccessManagement", name = "AccessManagement" },
  { id = "KaiLeverage", name = "KaiLeverage" },
  { id = "KaiLeverageSupplyPoolInit", name = "KaiLeverageSupplyPoolInit" },
  { id = "MoveStdlib", name = "MoveStdlib" },
  { id = "Sui", name = "Sui" },
  { id = "USDY", name = "USDY" },
]

[[move.package]]
id = "0x26efee2b51c911237888e5dc6702868abca3c7ac12c53f76ef8eba0697695e3d"
source = { local = "../../../on-chain-deps/0x26efee2b51c911237888e5dc6702868abca3c7ac12c53f76ef8eba0697695e3d" }

dependencies = [
  { id = "0x5306f64e312b581766351c07af79c72fcb1cd25147157fdc2f8ad76de9a3fb6a", name = "0x5306f64e312b581766351c07af79c72fcb1cd25147157fdc2f8ad76de9a3fb6a" },
  { id = "MoveStdlib", name = "MoveStdlib" },
  { id = "Sui", name = "Sui" },
]

[[move.package]]
id = "0x5306f64e312b581766351c07af79c72fcb1cd25147157fdc2f8ad76de9a3fb6a"
source = { local = "../../../on-chain-deps/0x5306f64e312b581766351c07af79c72fcb1cd25147157fdc2f8ad76de9a3fb6a" }

dependencies = [
  { id = "MoveStdlib", name = "MoveStdlib" },
  { id = "Sui", name = "Sui" },
]

[[move.package]]
id = "AccessManagement"
source = { local = "../../../../access-management" }

dependencies = [
  { id = "MoveStdlib", name = "MoveStdlib" },
  { id = "Sui", name = "Sui" },
]

[[move.package]]
id = "BluefinSpot"
source = { git = "https://github.com/fireflyprotocol/bluefin-spot-contract-interface.git", rev = "5dfcb03", subdir = "" }

dependencies = [
  { id = "CetusClmm", name = "CetusClmm" },
  { id = "IntegerMate", name = "IntegerMate" },
  { id = "Sui", name = "Sui" },
]

[[move.package]]
id = "CetusClmm"
source = { git = "https://github.com/CetusProtocol/cetus-clmm-interface.git", rev = "mainnet-v1.23.1", subdir = "sui/clmmpool" }

dependencies = [
  { id = "IntegerMate", name = "IntegerMate" },
  { id = "MoveSTL", name = "MoveSTL" },
  { id = "Sui", name = "Sui" },
]

[[move.package]]
id = "FlowxClmm"
source = { local = "../../core/vendor/flowx-clmm" }

dependencies = [
  { id = "MoveStdlib", name = "MoveStdlib" },
  { id = "Sui", name = "Sui" },
]

[[move.package]]
id = "IntegerMate"
source = { git = "https://github.com/CetusProtocol/integer-mate.git", rev = "mainnet-v1.23.1", subdir = "sui" }

dependencies = [
  { id = "Sui", name = "Sui" },
]

[[move.package]]
id = "KaiLeverage"
source = { local = "../../core" }

dependencies = [
  { id = "AccessManagement", name = "AccessManagement" },
  { id = "BluefinSpot", name = "BluefinSpot" },
  { id = "CetusClmm", name = "CetusClmm" },
  { id = "FlowxClmm", name = "FlowxClmm" },
  { id = "MoveStdlib", name = "MoveStdlib" },
  { id = "Pyth", name = "Pyth" },
  { id = "Sui", name = "Sui" },
  { id = "SuiUsdt", name = "SuiUsdt" },
  { id = "TurbosCLMM", name = "TurbosCLMM" },
  { id = "USDY", name = "USDY" },
  { id = "WHUSDCE", name = "WHUSDCE" },
  { id = "WHUSDTE", name = "WHUSDTE" },
  { id = "usdc", name = "usdc" },
]

[[move.package]]
id = "KaiLeverageSupplyPoolInit"
source = { local = "../core" }

dependencies = [
  { id = "AccessManagement", name = "AccessManagement" },
  { id = "KaiLeverage", name = "KaiLeverage" },
  { id = "MoveStdlib", name = "MoveStdlib" },
  { id = "Sui", name = "Sui" },
  { id = "usdc", name = "usdc" },
]

[[move.package]]
id = "MoveSTL"
source = { git = "https://github.com/CetusProtocol/move-stl.git", rev = "mainnet-v1.23.1", subdir = "sui" }

dependencies = [
  { id = "Sui", name = "Sui" },
]

[[move.package]]
id = "MoveStdlib"
source = { git = "https://github.com/MystenLabs/sui.git", rev = "mainnet-v1.35.2", subdir = "crates/sui-framework/packages/move-stdlib" }

[[move.package]]
id = "Pyth"
source = { local = "../../core/vendor/pyth" }

dependencies = [
  { id = "0x5306f64e312b581766351c07af79c72fcb1cd25147157fdc2f8ad76de9a3fb6a", name = "0x5306f64e312b581766351c07af79c72fcb1cd25147157fdc2f8ad76de9a3fb6a" },
  { id = "MoveStdlib", name = "MoveStdlib" },
  { id = "Sui", name = "Sui" },
]

[[move.package]]
id = "Sui"
source = { git = "https://github.com/MystenLabs/sui.git", rev = "mainnet-v1.35.2", subdir = "crates/sui-framework/packages/sui-framework" }

dependencies = [
  { id = "MoveStdlib", name = "MoveStdlib" },
]

[[move.package]]
id = "SuiUsdt"
source = { local = "../../../on-chain-deps/SuiUsdt" }

[[move.package]]
id = "TurbosCLMM"
source = { git = "https://github.com/turbos-finance/turbos-sui-move-interface.git", rev = "8887603", subdir = "clmm" }

dependencies = [
  { id = "Sui", name = "Sui" },
]

[[move.package]]
id = "USDY"
source = { local = "../../../on-chain-deps/USDY" }

[[move.package]]
id = "WHUSDCE"
source = { local = "../../../on-chain-deps/0x5d4b302506645c37ff133b98c4b50a5ae14841659738d6d733d59d0d217a93bf" }

dependencies = [
  { id = "0x26efee2b51c911237888e5dc6702868abca3c7ac12c53f76ef8eba0697695e3d", name = "0x26efee2b51c911237888e5dc6702868abca3c7ac12c53f76ef8eba0697695e3d" },
  { id = "Sui", name = "Sui" },
]

[[move.package]]
id = "WHUSDTE"
source = { local = "../../../on-chain-deps/0xc060006111016b8a020ad5b33834984a437aaa7d3c74c18e09a95d48aceab08c" }

dependencies = [
  { id = "Sui", name = "Sui" },
]

[[move.package]]
id = "stablecoin"
source = { local = "../../../on-chain-deps/USDC/stablecoin" }

dependencies = [
  { id = "Sui", name = "Sui" },
  { id = "sui_extensions", name = "sui_extensions" },
]

[[move.package]]
id = "sui_extensions"
source = { local = "../../../on-chain-deps/USDC/sui_extensions" }

dependencies = [
  { id = "Sui", name = "Sui" },
]

[[move.package]]
id = "usdc"
source = { local = "../../../on-chain-deps/USDC/usdc" }

dependencies = [
  { id = "Sui", name = "Sui" },
  { id = "stablecoin", name = "stablecoin" },
  { id = "sui_extensions", name = "sui_extensions" },
]
